
Microsoft Visual Studio Solution File, Format Version 12.00
# Visual Studio Version 16
VisualStudioVersion = 16.0.30523.141
MinimumVisualStudioVersion = 10.0.40219.1
Project("{9A19103F-16F7-4668-BE54-9A1E7A4F7556}") = "WizLib", "WizLib.csproj", "{C8E62086-D134-496A-BBC3-D874EF2A9D5B}"
EndProject
Project("{FAE04EC0-301F-11D3-BF4B-00C04F79EFBC}") = "WizLib_DataAccess", "..\WizLib_DataAccess\WizLib_DataAccess.csproj", "{4F46B042-1361-49D3-A1E4-AB55E07C1658}"
EndProject
Project("{FAE04EC0-301F-11D3-BF4B-00C04F79EFBC}") = "WizLib_Models", "..\WizLib_Models\WizLib_Models.csproj", "{1825C770-7FB7-4173-B4A8-72303706A9F0}"
EndProject
Global
	GlobalSection(SolutionConfigurationPlatforms) = preSolution
		Debug|Any CPU = Debug|Any CPU
		Release|Any CPU = Release|Any CPU
	EndGlobalSection
	GlobalSection(ProjectConfigurationPlatforms) = postSolution
		{C8E62086-D134-496A-BBC3-D874EF2A9D5B}.Debug|Any CPU.ActiveCfg = Debug|Any CPU
		{C8E62086-D134-496A-BBC3-D874EF2A9D5B}.Debug|Any CPU.Build.0 = Debug|Any CPU
		{C8E62086-D134-496A-BBC3-D874EF2A9D5B}.Release|Any CPU.ActiveCfg = Release|Any CPU
		{C8E62086-D134-496A-BBC3-D874EF2A9D5B}.Release|Any CPU.Build.0 = Release|Any CPU
		{4F46B042-1361-49D3-A1E4-AB55E07C1658}.Debug|Any CPU.ActiveCfg = Debug|Any CPU
		{4F46B042-1361-49D3-A1E4-AB55E07C1658}.Debug|Any CPU.Build.0 = Debug|Any CPU
		{4F46B042-1361-49D3-A1E4-AB55E07C1658}.Release|Any CPU.ActiveCfg = Release|Any CPU
		{4F46B042-1361-49D3-A1E4-AB55E07C1658}.Release|Any CPU.Build.0 = Release|Any CPU
		{1825C770-7FB7-4173-B4A8-72303706A9F0}.Debug|Any CPU.ActiveCfg = Debug|Any CPU
		{1825C770-7FB7-4173-B4A8-72303706A9F0}.Debug|Any CPU.Build.0 = Debug|Any CPU
		{1825C770-7FB7-4173-B4A8-72303706A9F0}.Release|Any CPU.ActiveCfg = Release|Any CPU
		{1825C770-7FB7-4173-B4A8-72303706A9F0}.Release|Any CPU.Build.0 = Release|Any CPU
	EndGlobalSection
	GlobalSection(SolutionProperties) = preSolution
		HideSolutionNode = FALSE
	EndGlobalSection
	GlobalSection(ExtensibilityGlobals) = postSolution
		SolutionGuid = {1B8A4A01-A627-4516-BFAD-0E0A2871621E}
	EndGlobalSection
EndGlobal
